
Microsoft Visual Studio Solution File, Format Version 12.00
# Visual Studio 15
VisualStudioVersion = 15.0.28307.645
MinimumVisualStudioVersion = 10.0.40219.1
Project("{9A19103F-16F7-4668-BE54-9A1E7A4F7556}") = "API", "API\API.csproj", "{791E94ED-4470-430C-9CB1-5F9472A5BD06}"
EndProject
Project("{FAE04EC0-301F-11D3-BF4B-00C04F79EFBC}") = "DAL", "DAL\DAL.csproj", "{38731E4E-18E5-4EC4-8161-65E9329FD5E0}"
EndProject
Global
	GlobalSection(SolutionConfigurationPlatforms) = preSolution
		Debug|Any CPU = Debug|Any CPU
		Release|Any CPU = Release|Any CPU
	EndGlobalSection
	GlobalSection(ProjectConfigurationPlatforms) = postSolution
		{791E94ED-4470-430C-9CB1-5F9472A5BD06}.Debug|Any CPU.ActiveCfg = Debug|Any CPU
		{791E94ED-4470-430C-9CB1-5F9472A5BD06}.Debug|Any CPU.Build.0 = Debug|Any CPU
		{791E94ED-4470-430C-9CB1-5F9472A5BD06}.Release|Any CPU.ActiveCfg = Release|Any CPU
		{791E94ED-4470-430C-9CB1-5F9472A5BD06}.Release|Any CPU.Build.0 = Release|Any CPU
		{38731E4E-18E5-4EC4-8161-65E9329FD5E0}.Debug|Any CPU.ActiveCfg = Debug|Any CPU
		{38731E4E-18E5-4EC4-8161-65E9329FD5E0}.Debug|Any CPU.Build.0 = Debug|Any CPU
		{38731E4E-18E5-4EC4-8161-65E9329FD5E0}.Release|Any CPU.ActiveCfg = Release|Any CPU
		{38731E4E-18E5-4EC4-8161-65E9329FD5E0}.Release|Any CPU.Build.0 = Release|Any CPU
	EndGlobalSection
	GlobalSection(SolutionProperties) = preSolution
		HideSolutionNode = FALSE
	EndGlobalSection
	GlobalSection(ExtensibilityGlobals) = postSolution
		SolutionGuid = {226D6FA4-436A-4C84-A788-73BFA8F92501}
	EndGlobalSection
EndGlobal
